github.com/winxxp/glog v1.0.6 h1:l3YmsadZ9wmzIKm51uZNNlSfn+uDvGluYp4ZdhbLkpc=
github.com/winxxp/glog v1.0.6/go.mod h1:jv5gqGaZRKIrhSKDnjO8HnLldH55vem3RzVNFTkUhnA=
golang.org/x/sys v0.0.0-20190418153312-f0ce4c0180be h1:mI+jhqkn68ybP0ORJqunXn+fq+Eeb4hHKqLQcFICjAc=
golang.org/x/sys v0.0.0-20190418153312-f0ce4c0180be/go.mod h1:h1NjWce9XRLGQEsW7wpKNCjG9DtNlClVuFLEZdDNbEs=
